// !$*UTF8*$!
{
	archiveVersion = 1;
	classes = {
	};
	objectVersion = 46;
	objects = {

/* Begin PBXBuildFile section */
		A403269C1CAFC4270084AB09 /* NewNoteViewController.swift in Sources */ = {isa = PBXBuildFile; fileRef = A403269B1CAFC4270084AB09 /* NewNoteViewController.swift */; };
		A403269E1CAFE0ED0084AB09 /* NewNoteImageViewController.swift in Sources */ = {isa = PBXBuildFile; fileRef = A403269D1CAFE0ED0084AB09 /* NewNoteImageViewController.swift */; };
		A40621921CC3674100BF73D0 /* fontawesome-webfont.ttf in Resources */ = {isa = PBXBuildFile; fileRef = A40621911CC3645900BF73D0 /* fontawesome-webfont.ttf */; };
		A40621941CC36BD000BF73D0 /* Note.swift in Sources */ = {isa = PBXBuildFile; fileRef = A40621931CC36BD000BF73D0 /* Note.swift */; };
		A40621971CC36D5100BF73D0 /* DataService.swift in Sources */ = {isa = PBXBuildFile; fileRef = A40621961CC36D5100BF73D0 /* DataService.swift */; };
		A40621991CC3799E00BF73D0 /* ImageUtils.swift in Sources */ = {isa = PBXBuildFile; fileRef = A40621981CC3799E00BF73D0 /* ImageUtils.swift */; };
		A46EB69B1CA7872200FC0C1B /* LessonDetailViewController.swift in Sources */ = {isa = PBXBuildFile; fileRef = A46EB69A1CA7872200FC0C1B /* LessonDetailViewController.swift */; };
		A46EB69D1CA78E9700FC0C1B /* Localizable.strings in Resources */ = {isa = PBXBuildFile; fileRef = A46EB69C1CA78E9700FC0C1B /* Localizable.strings */; };
		A46EB6A31CA7AEF400FC0C1B /* Theme.swift in Sources */ = {isa = PBXBuildFile; fileRef = A46EB6A21CA7AEF400FC0C1B /* Theme.swift */; };
		A46EB6A81CA7B1F800FC0C1B /* Lesson.swift in Sources */ = {isa = PBXBuildFile; fileRef = A46EB6A71CA7B1F800FC0C1B /* Lesson.swift */; };
		A46EB6AA1CA7B72700FC0C1B /* NotesViewController.swift in Sources */ = {isa = PBXBuildFile; fileRef = A46EB6A91CA7B72700FC0C1B /* NotesViewController.swift */; };
		A4A508FB1CB0A8E60023D7C2 /* StringExtensions.swift in Sources */ = {isa = PBXBuildFile; fileRef = A4A508FA1CB0A8E60023D7C2 /* StringExtensions.swift */; };
		A4A508FF1CB0AD8E0023D7C2 /* AnnotationViewController.m in Sources */ = {isa = PBXBuildFile; fileRef = A4A508FE1CB0AD8E0023D7C2 /* AnnotationViewController.m */; };
		A4C1EDCF1C53083F0034CE04 /* AppDelegate.swift in Sources */ = {isa = PBXBuildFile; fileRef = A4C1EDCE1C53083F0034CE04 /* AppDelegate.swift */; };
		A4C1EDD11C53083F0034CE04 /* StartLessonViewController.swift in Sources */ = {isa = PBXBuildFile; fileRef = A4C1EDD01C53083F0034CE04 /* StartLessonViewController.swift */; };
		A4C1EDD41C53083F0034CE04 /* Main.storyboard in Resources */ = {isa = PBXBuildFile; fileRef = A4C1EDD21C53083F0034CE04 /* Main.storyboard */; };
		A4C1EDD61C53083F0034CE04 /* Assets.xcassets in Resources */ = {isa = PBXBuildFile; fileRef = A4C1EDD51C53083F0034CE04 /* Assets.xcassets */; };
		A4C1EDD91C53083F0034CE04 /* LaunchScreen.storyboard in Resources */ = {isa = PBXBuildFile; fileRef = A4C1EDD71C53083F0034CE04 /* LaunchScreen.storyboard */; };
		A4C1EDE41C53083F0034CE04 /* RightClickAppTests.swift in Sources */ = {isa = PBXBuildFile; fileRef = A4C1EDE31C53083F0034CE04 /* RightClickAppTests.swift */; };
		A4C1EDEF1C53083F0034CE04 /* RightClickAppUITests.swift in Sources */ = {isa = PBXBuildFile; fileRef = A4C1EDEE1C53083F0034CE04 /* RightClickAppUITests.swift */; };
		C030A01140C180319518278E /* Pods_RightClickApp.framework in Frameworks */ = {isa = PBXBuildFile; fileRef = 648B5E3A55E2B56C09CBC05F /* Pods_RightClickApp.framework */; };
/* End PBXBuildFile section */

/* Begin PBXContainerItemProxy section */
		A4C1EDE01C53083F0034CE04 /* PBXContainerItemProxy */ = {
			isa = PBXContainerItemProxy;
			containerPortal = A4C1EDC31C53083F0034CE04 /* Project object */;
			proxyType = 1;
			remoteGlobalIDString = A4C1EDCA1C53083F0034CE04;
			remoteInfo = RightClickApp;
		};
		A4C1EDEB1C53083F0034CE04 /* PBXContainerItemProxy */ = {
			isa = PBXContainerItemProxy;
			containerPortal = A4C1EDC31C53083F0034CE04 /* Project object */;
			proxyType = 1;
			remoteGlobalIDString = A4C1EDCA1C53083F0034CE04;
			remoteInfo = RightClickApp;
		};
/* End PBXContainerItemProxy section */

/* Begin PBXFileReference section */
		15E14E2E81C768CC5DAD05B6 /* Pods-RightClickApp.debug.xcconfig */ = {isa = PBXFileReference; includeInIndex = 1; lastKnownFileType = text.xcconfig; name = "Pods-RightClickApp.debug.xcconfig"; path = "Pods/Target Support Files/Pods-RightClickApp/Pods-RightClickApp.debug.xcconfig"; sourceTree = "<group>"; };
		648B5E3A55E2B56C09CBC05F /* Pods_RightClickApp.framework */ = {isa = PBXFileReference; explicitFileType = wrapper.framework; includeInIndex = 0; path = Pods_RightClickApp.framework; sourceTree = BUILT_PRODUCTS_DIR; };
		A403269B1CAFC4270084AB09 /* NewNoteViewController.swift */ = {isa = PBXFileReference; fileEncoding = 4; lastKnownFileType = sourcecode.swift; path = NewNoteViewController.swift; sourceTree = "<group>"; };
		A403269D1CAFE0ED0084AB09 /* NewNoteImageViewController.swift */ = {isa = PBXFileReference; fileEncoding = 4; lastKnownFileType = sourcecode.swift; path = NewNoteImageViewController.swift; sourceTree = "<group>"; };
		A40621911CC3645900BF73D0 /* fontawesome-webfont.ttf */ = {isa = PBXFileReference; lastKnownFileType = file; name = "fontawesome-webfont.ttf"; path = "Resources/fontawesome-webfont.ttf"; sourceTree = "<group>"; };
		A40621931CC36BD000BF73D0 /* Note.swift */ = {isa = PBXFileReference; fileEncoding = 4; lastKnownFileType = sourcecode.swift; path = Note.swift; sourceTree = "<group>"; };
		A40621961CC36D5100BF73D0 /* DataService.swift */ = {isa = PBXFileReference; fileEncoding = 4; lastKnownFileType = sourcecode.swift; name = DataService.swift; path = Service/DataService.swift; sourceTree = "<group>"; };
		A40621981CC3799E00BF73D0 /* ImageUtils.swift */ = {isa = PBXFileReference; fileEncoding = 4; lastKnownFileType = sourcecode.swift; name = ImageUtils.swift; path = Service/ImageUtils.swift; sourceTree = "<group>"; };
		A46EB69A1CA7872200FC0C1B /* LessonDetailViewController.swift */ = {isa = PBXFileReference; fileEncoding = 4; lastKnownFileType = sourcecode.swift; path = LessonDetailViewController.swift; sourceTree = "<group>"; };
		A46EB69C1CA78E9700FC0C1B /* Localizable.strings */ = {isa = PBXFileReference; fileEncoding = 4; lastKnownFileType = text.plist.strings; path = Localizable.strings; sourceTree = "<group>"; };
		A46EB6A21CA7AEF400FC0C1B /* Theme.swift */ = {isa = PBXFileReference; fileEncoding = 4; lastKnownFileType = sourcecode.swift; name = Theme.swift; path = Theme/Theme.swift; sourceTree = "<group>"; };
		A46EB6A71CA7B1F800FC0C1B /* Lesson.swift */ = {isa = PBXFileReference; fileEncoding = 4; lastKnownFileType = sourcecode.swift; name = Lesson.swift; path = Models/Lesson.swift; sourceTree = "<group>"; };
		A46EB6A91CA7B72700FC0C1B /* NotesViewController.swift */ = {isa = PBXFileReference; fileEncoding = 4; lastKnownFileType = sourcecode.swift; path = NotesViewController.swift; sourceTree = "<group>"; };
		A4A508FA1CB0A8E60023D7C2 /* StringExtensions.swift */ = {isa = PBXFileReference; fileEncoding = 4; lastKnownFileType = sourcecode.swift; name = StringExtensions.swift; path = Extensions/StringExtensions.swift; sourceTree = "<group>"; };
		A4A508FC1CB0AD8D0023D7C2 /* RightClickApp-Bridging-Header.h */ = {isa = PBXFileReference; lastKnownFileType = sourcecode.c.h; path = "RightClickApp-Bridging-Header.h"; sourceTree = "<group>"; };
		A4A508FD1CB0AD8E0023D7C2 /* AnnotationViewController.h */ = {isa = PBXFileReference; fileEncoding = 4; lastKnownFileType = sourcecode.c.h; path = AnnotationViewController.h; sourceTree = "<group>"; };
		A4A508FE1CB0AD8E0023D7C2 /* AnnotationViewController.m */ = {isa = PBXFileReference; fileEncoding = 4; lastKnownFileType = sourcecode.c.objc; path = AnnotationViewController.m; sourceTree = "<group>"; };
		A4C1EDCB1C53083F0034CE04 /* RightClickApp.app */ = {isa = PBXFileReference; explicitFileType = wrapper.application; includeInIndex = 0; path = RightClickApp.app; sourceTree = BUILT_PRODUCTS_DIR; };
		A4C1EDCE1C53083F0034CE04 /* AppDelegate.swift */ = {isa = PBXFileReference; lastKnownFileType = sourcecode.swift; path = AppDelegate.swift; sourceTree = "<group>"; };
		A4C1EDD01C53083F0034CE04 /* StartLessonViewController.swift */ = {isa = PBXFileReference; lastKnownFileType = sourcecode.swift; path = StartLessonViewController.swift; sourceTree = "<group>"; };
		A4C1EDD31C53083F0034CE04 /* Base */ = {isa = PBXFileReference; lastKnownFileType = file.storyboard; name = Base; path = Base.lproj/Main.storyboard; sourceTree = "<group>"; };
		A4C1EDD51C53083F0034CE04 /* Assets.xcassets */ = {isa = PBXFileReference; lastKnownFileType = folder.assetcatalog; path = Assets.xcassets; sourceTree = "<group>"; };
		A4C1EDD81C53083F0034CE04 /* Base */ = {isa = PBXFileReference; lastKnownFileType = file.storyboard; name = Base; path = Base.lproj/LaunchScreen.storyboard; sourceTree = "<group>"; };
		A4C1EDDA1C53083F0034CE04 /* Info.plist */ = {isa = PBXFileReference; lastKnownFileType = text.plist.xml; path = Info.plist; sourceTree = "<group>"; };
		A4C1EDDF1C53083F0034CE04 /* RightClickAppTests.xctest */ = {isa = PBXFileReference; explicitFileType = wrapper.cfbundle; includeInIndex = 0; path = RightClickAppTests.xctest; sourceTree = BUILT_PRODUCTS_DIR; };
		A4C1EDE31C53083F0034CE04 /* RightClickAppTests.swift */ = {isa = PBXFileReference; lastKnownFileType = sourcecode.swift; path = RightClickAppTests.swift; sourceTree = "<group>"; };
		A4C1EDE51C53083F0034CE04 /* Info.plist */ = {isa = PBXFileReference; lastKnownFileType = text.plist.xml; path = Info.plist; sourceTree = "<group>"; };
		A4C1EDEA1C53083F0034CE04 /* RightClickAppUITests.xctest */ = {isa = PBXFileReference; explicitFileType = wrapper.cfbundle; includeInIndex = 0; path = RightClickAppUITests.xctest; sourceTree = BUILT_PRODUCTS_DIR; };
		A4C1EDEE1C53083F0034CE04 /* RightClickAppUITests.swift */ = {isa = PBXFileReference; lastKnownFileType = sourcecode.swift; path = RightClickAppUITests.swift; sourceTree = "<group>"; };
		A4C1EDF01C53083F0034CE04 /* Info.plist */ = {isa = PBXFileReference; lastKnownFileType = text.plist.xml; path = Info.plist; sourceTree = "<group>"; };
		F36C89C415D86CF39DE1F707 /* Pods-RightClickApp.release.xcconfig */ = {isa = PBXFileReference; includeInIndex = 1; lastKnownFileType = text.xcconfig; name = "Pods-RightClickApp.release.xcconfig"; path = "Pods/Target Support Files/Pods-RightClickApp/Pods-RightClickApp.release.xcconfig"; sourceTree = "<group>"; };
/* End PBXFileReference section */

/* Begin PBXFrameworksBuildPhase section */
		A4C1EDC81C53083F0034CE04 /* Frameworks */ = {
			isa = PBXFrameworksBuildPhase;
			buildActionMask = 2147483647;
			files = (
				C030A01140C180319518278E /* Pods_RightClickApp.framework in Frameworks */,
			);
			runOnlyForDeploymentPostprocessing = 0;
		};
		A4C1EDDC1C53083F0034CE04 /* Frameworks */ = {
			isa = PBXFrameworksBuildPhase;
			buildActionMask = 2147483647;
			files = (
			);
			runOnlyForDeploymentPostprocessing = 0;
		};
		A4C1EDE71C53083F0034CE04 /* Frameworks */ = {
			isa = PBXFrameworksBuildPhase;
			buildActionMask = 2147483647;
			files = (
			);
			runOnlyForDeploymentPostprocessing = 0;
		};
/* End PBXFrameworksBuildPhase section */

/* Begin PBXGroup section */
		018DA730840C8D0149BFC26D /* Frameworks */ = {
			isa = PBXGroup;
			children = (
				648B5E3A55E2B56C09CBC05F /* Pods_RightClickApp.framework */,
			);
			name = Frameworks;
			sourceTree = "<group>";
		};
		A40621951CC36D2400BF73D0 /* Service */ = {
			isa = PBXGroup;
			children = (
				A40621961CC36D5100BF73D0 /* DataService.swift */,
				A40621981CC3799E00BF73D0 /* ImageUtils.swift */,
			);
			name = Service;
			sourceTree = "<group>";
		};
		A46EB69E1CA7903700FC0C1B /* Extensions */ = {
			isa = PBXGroup;
			children = (
				A4A508FA1CB0A8E60023D7C2 /* StringExtensions.swift */,
			);
			name = Extensions;
			sourceTree = "<group>";
		};
		A46EB6A11CA7AEDE00FC0C1B /* Theme */ = {
			isa = PBXGroup;
			children = (
				A46EB6A21CA7AEF400FC0C1B /* Theme.swift */,
			);
			name = Theme;
			sourceTree = "<group>";
		};
		A46EB6A61CA7B1D300FC0C1B /* Models */ = {
			isa = PBXGroup;
			children = (
				A46EB6A71CA7B1F800FC0C1B /* Lesson.swift */,
				A40621931CC36BD000BF73D0 /* Note.swift */,
			);
			name = Models;
			sourceTree = "<group>";
		};
		A4C1EDC21C53083F0034CE04 = {
			isa = PBXGroup;
			children = (
				A4C1EDCD1C53083F0034CE04 /* RightClickApp */,
				A4C1EDE21C53083F0034CE04 /* RightClickAppTests */,
				A4C1EDED1C53083F0034CE04 /* RightClickAppUITests */,
				A4C1EDCC1C53083F0034CE04 /* Products */,
				F52648D74E3EE82204A6C393 /* Pods */,
				018DA730840C8D0149BFC26D /* Frameworks */,
			);
			sourceTree = "<group>";
		};
		A4C1EDCC1C53083F0034CE04 /* Products */ = {
			isa = PBXGroup;
			children = (
				A4C1EDCB1C53083F0034CE04 /* RightClickApp.app */,
				A4C1EDDF1C53083F0034CE04 /* RightClickAppTests.xctest */,
				A4C1EDEA1C53083F0034CE04 /* RightClickAppUITests.xctest */,
			);
			name = Products;
			sourceTree = "<group>";
		};
		A4C1EDCD1C53083F0034CE04 /* RightClickApp */ = {
			isa = PBXGroup;
			children = (
				A40621951CC36D2400BF73D0 /* Service */,
				A46EB6A61CA7B1D300FC0C1B /* Models */,
				A46EB6A11CA7AEDE00FC0C1B /* Theme */,
				A46EB69E1CA7903700FC0C1B /* Extensions */,
				A4C1EDCE1C53083F0034CE04 /* AppDelegate.swift */,
				A4C1EDD01C53083F0034CE04 /* StartLessonViewController.swift */,
				A46EB69A1CA7872200FC0C1B /* LessonDetailViewController.swift */,
				A46EB6A91CA7B72700FC0C1B /* NotesViewController.swift */,
				A403269B1CAFC4270084AB09 /* NewNoteViewController.swift */,
				A403269D1CAFE0ED0084AB09 /* NewNoteImageViewController.swift */,
				A4A508FD1CB0AD8E0023D7C2 /* AnnotationViewController.h */,
				A4A508FE1CB0AD8E0023D7C2 /* AnnotationViewController.m */,
				A4C1EDD21C53083F0034CE04 /* Main.storyboard */,
				A40621911CC3645900BF73D0 /* fontawesome-webfont.ttf */,
				A4C1EDD51C53083F0034CE04 /* Assets.xcassets */,
				A4C1EDD71C53083F0034CE04 /* LaunchScreen.storyboard */,
				A4C1EDDA1C53083F0034CE04 /* Info.plist */,
				A46EB69C1CA78E9700FC0C1B /* Localizable.strings */,
				A4A508FC1CB0AD8D0023D7C2 /* RightClickApp-Bridging-Header.h */,
			);
			path = RightClickApp;
			sourceTree = "<group>";
		};
		A4C1EDE21C53083F0034CE04 /* RightClickAppTests */ = {
			isa = PBXGroup;
			children = (
				A4C1EDE31C53083F0034CE04 /* RightClickAppTests.swift */,
				A4C1EDE51C53083F0034CE04 /* Info.plist */,
			);
			path = RightClickAppTests;
			sourceTree = "<group>";
		};
		A4C1EDED1C53083F0034CE04 /* RightClickAppUITests */ = {
			isa = PBXGroup;
			children = (
				A4C1EDEE1C53083F0034CE04 /* RightClickAppUITests.swift */,
				A4C1EDF01C53083F0034CE04 /* Info.plist */,
			);
			path = RightClickAppUITests;
			sourceTree = "<group>";
		};
		F52648D74E3EE82204A6C393 /* Pods */ = {
			isa = PBXGroup;
			children = (
				15E14E2E81C768CC5DAD05B6 /* Pods-RightClickApp.debug.xcconfig */,
				F36C89C415D86CF39DE1F707 /* Pods-RightClickApp.release.xcconfig */,
			);
			name = Pods;
			sourceTree = "<group>";
		};
/* End PBXGroup section */

/* Begin PBXNativeTarget section */
		A4C1EDCA1C53083F0034CE04 /* RightClickApp */ = {
			isa = PBXNativeTarget;
			buildConfigurationList = A4C1EDF31C53083F0034CE04 /* Build configuration list for PBXNativeTarget "RightClickApp" */;
			buildPhases = (
				2FF080D90F7AA918DA964D3D /* Check Pods Manifest.lock */,
				A4C1EDC71C53083F0034CE04 /* Sources */,
				A4C1EDC81C53083F0034CE04 /* Frameworks */,
				A4C1EDC91C53083F0034CE04 /* Resources */,
				A4C1EDFC1C53096B0034CE04 /* ShellScript */,
				6AB601F3995E4B7DC0931276 /* Embed Pods Frameworks */,
				D5EB6DD110CD6389199E4A3A /* Copy Pods Resources */,
			);
			buildRules = (
			);
			dependencies = (
			);
			name = RightClickApp;
			productName = RightClickApp;
			productReference = A4C1EDCB1C53083F0034CE04 /* RightClickApp.app */;
			productType = "com.apple.product-type.application";
		};
		A4C1EDDE1C53083F0034CE04 /* RightClickAppTests */ = {
			isa = PBXNativeTarget;
			buildConfigurationList = A4C1EDF61C53083F0034CE04 /* Build configuration list for PBXNativeTarget "RightClickAppTests" */;
			buildPhases = (
				A4C1EDDB1C53083F0034CE04 /* Sources */,
				A4C1EDDC1C53083F0034CE04 /* Frameworks */,
				A4C1EDDD1C53083F0034CE04 /* Resources */,
			);
			buildRules = (
			);
			dependencies = (
				A4C1EDE11C53083F0034CE04 /* PBXTargetDependency */,
			);
			name = RightClickAppTests;
			productName = RightClickAppTests;
			productReference = A4C1EDDF1C53083F0034CE04 /* RightClickAppTests.xctest */;
			productType = "com.apple.product-type.bundle.unit-test";
		};
		A4C1EDE91C53083F0034CE04 /* RightClickAppUITests */ = {
			isa = PBXNativeTarget;
			buildConfigurationList = A4C1EDF91C53083F0034CE04 /* Build configuration list for PBXNativeTarget "RightClickAppUITests" */;
			buildPhases = (
				A4C1EDE61C53083F0034CE04 /* Sources */,
				A4C1EDE71C53083F0034CE04 /* Frameworks */,
				A4C1EDE81C53083F0034CE04 /* Resources */,
			);
			buildRules = (
			);
			dependencies = (
				A4C1EDEC1C53083F0034CE04 /* PBXTargetDependency */,
			);
			name = RightClickAppUITests;
			productName = RightClickAppUITests;
			productReference = A4C1EDEA1C53083F0034CE04 /* RightClickAppUITests.xctest */;
			productType = "com.apple.product-type.bundle.ui-testing";
		};
/* End PBXNativeTarget section */

/* Begin PBXProject section */
		A4C1EDC31C53083F0034CE04 /* Project object */ = {
			isa = PBXProject;
			attributes = {
				LastSwiftUpdateCheck = 0730;
				LastUpgradeCheck = 0720;
				ORGANIZATIONNAME = "Right Click";
				TargetAttributes = {
					A4C1EDCA1C53083F0034CE04 = {
						CreatedOnToolsVersion = 7.2;
						DevelopmentTeam = 5AXRG4S9YB;
					};
					A4C1EDDE1C53083F0034CE04 = {
						CreatedOnToolsVersion = 7.2;
						TestTargetID = A4C1EDCA1C53083F0034CE04;
					};
					A4C1EDE91C53083F0034CE04 = {
						CreatedOnToolsVersion = 7.2;
						TestTargetID = A4C1EDCA1C53083F0034CE04;
					};
				};
			};
			buildConfigurationList = A4C1EDC61C53083F0034CE04 /* Build configuration list for PBXProject "RightClickApp" */;
			compatibilityVersion = "Xcode 3.2";
			developmentRegion = English;
			hasScannedForEncodings = 0;
			knownRegions = (
				en,
				Base,
			);
			mainGroup = A4C1EDC21C53083F0034CE04;
			productRefGroup = A4C1EDCC1C53083F0034CE04 /* Products */;
			projectDirPath = "";
			projectRoot = "";
			targets = (
				A4C1EDCA1C53083F0034CE04 /* RightClickApp */,
				A4C1EDDE1C53083F0034CE04 /* RightClickAppTests */,
				A4C1EDE91C53083F0034CE04 /* RightClickAppUITests */,
			);
		};
/* End PBXProject section */

/* Begin PBXResourcesBuildPhase section */
		A4C1EDC91C53083F0034CE04 /* Resources */ = {
			isa = PBXResourcesBuildPhase;
			buildActionMask = 2147483647;
			files = (
				A4C1EDD91C53083F0034CE04 /* LaunchScreen.storyboard in Resources */,
				A46EB69D1CA78E9700FC0C1B /* Localizable.strings in Resources */,
				A40621921CC3674100BF73D0 /* fontawesome-webfont.ttf in Resources */,
				A4C1EDD61C53083F0034CE04 /* Assets.xcassets in Resources */,
				A4C1EDD41C53083F0034CE04 /* Main.storyboard in Resources */,
			);
			runOnlyForDeploymentPostprocessing = 0;
		};
		A4C1EDDD1C53083F0034CE04 /* Resources */ = {
			isa = PBXResourcesBuildPhase;
			buildActionMask = 2147483647;
			files = (
			);
			runOnlyForDeploymentPostprocessing = 0;
		};
		A4C1EDE81C53083F0034CE04 /* Resources */ = {
			isa = PBXResourcesBuildPhase;
			buildActionMask = 2147483647;
			files = (
			);
			runOnlyForDeploymentPostprocessing = 0;
		};
/* End PBXResourcesBuildPhase section */

/* Begin PBXShellScriptBuildPhase section */
		2FF080D90F7AA918DA964D3D /* Check Pods Manifest.lock */ = {
			isa = PBXShellScriptBuildPhase;
			buildActionMask = 2147483647;
			files = (
			);
			inputPaths = (
			);
			name = "Check Pods Manifest.lock";
			outputPaths = (
			);
			runOnlyForDeploymentPostprocessing = 0;
			shellPath = /bin/sh;
			shellScript = "diff \"${PODS_ROOT}/../Podfile.lock\" \"${PODS_ROOT}/Manifest.lock\" > /dev/null\nif [[ $? != 0 ]] ; then\n    cat << EOM\nerror: The sandbox is not in sync with the Podfile.lock. Run 'pod install' or update your CocoaPods installation.\nEOM\n    exit 1\nfi\n";
			showEnvVarsInLog = 0;
		};
		6AB601F3995E4B7DC0931276 /* Embed Pods Frameworks */ = {
			isa = PBXShellScriptBuildPhase;
			buildActionMask = 2147483647;
			files = (
			);
			inputPaths = (
			);
			name = "Embed Pods Frameworks";
			outputPaths = (
			);
			runOnlyForDeploymentPostprocessing = 0;
			shellPath = /bin/sh;
			shellScript = "\"${SRCROOT}/Pods/Target Support Files/Pods-RightClickApp/Pods-RightClickApp-frameworks.sh\"\n";
			showEnvVarsInLog = 0;
		};
		A4C1EDFC1C53096B0034CE04 /* ShellScript */ = {
			isa = PBXShellScriptBuildPhase;
			buildActionMask = 2147483647;
			files = (
			);
			inputPaths = (
			);
			outputPaths = (
			);
			runOnlyForDeploymentPostprocessing = 0;
			shellPath = /bin/sh;
			shellScript = "if which swiftlint >/dev/null; then\nswiftlint\nelse\necho \"SwiftLint does not exist, download from https://github.com/realm/SwiftLint\"\nfi";
		};
		D5EB6DD110CD6389199E4A3A /* Copy Pods Resources */ = {
			isa = PBXShellScriptBuildPhase;
			buildActionMask = 2147483647;
			files = (
			);
			inputPaths = (
			);
			name = "Copy Pods Resources";
			outputPaths = (
			);
			runOnlyForDeploymentPostprocessing = 0;
			shellPath = /bin/sh;
			shellScript = "\"${SRCROOT}/Pods/Target Support Files/Pods-RightClickApp/Pods-RightClickApp-resources.sh\"\n";
			showEnvVarsInLog = 0;
		};
/* End PBXShellScriptBuildPhase section */

/* Begin PBXSourcesBuildPhase section */
		A4C1EDC71C53083F0034CE04 /* Sources */ = {
			isa = PBXSourcesBuildPhase;
			buildActionMask = 2147483647;
			files = (
				A46EB6AA1CA7B72700FC0C1B /* NotesViewController.swift in Sources */,
				A403269E1CAFE0ED0084AB09 /* NewNoteImageViewController.swift in Sources */,
				A46EB69B1CA7872200FC0C1B /* LessonDetailViewController.swift in Sources */,
				A40621971CC36D5100BF73D0 /* DataService.swift in Sources */,
				A4A508FB1CB0A8E60023D7C2 /* StringExtensions.swift in Sources */,
				A40621991CC3799E00BF73D0 /* ImageUtils.swift in Sources */,
				A46EB6A31CA7AEF400FC0C1B /* Theme.swift in Sources */,
				A46EB6A81CA7B1F800FC0C1B /* Lesson.swift in Sources */,
				A403269C1CAFC4270084AB09 /* NewNoteViewController.swift in Sources */,
				A40621941CC36BD000BF73D0 /* Note.swift in Sources */,
				A4A508FF1CB0AD8E0023D7C2 /* AnnotationViewController.m in Sources */,
				A4C1EDD11C53083F0034CE04 /* StartLessonViewController.swift in Sources */,
				A4C1EDCF1C53083F0034CE04 /* AppDelegate.swift in Sources */,
			);
			runOnlyForDeploymentPostprocessing = 0;
		};
		A4C1EDDB1C53083F0034CE04 /* Sources */ = {
			isa = PBXSourcesBuildPhase;
			buildActionMask = 2147483647;
			files = (
				A4C1EDE41C53083F0034CE04 /* RightClickAppTests.swift in Sources */,
			);
			runOnlyForDeploymentPostprocessing = 0;
		};
		A4C1EDE61C53083F0034CE04 /* Sources */ = {
			isa = PBXSourcesBuildPhase;
			buildActionMask = 2147483647;
			files = (
				A4C1EDEF1C53083F0034CE04 /* RightClickAppUITests.swift in Sources */,
			);
			runOnlyForDeploymentPostprocessing = 0;
		};
/* End PBXSourcesBuildPhase section */

/* Begin PBXTargetDependency section */
		A4C1EDE11C53083F0034CE04 /* PBXTargetDependency */ = {
			isa = PBXTargetDependency;
			target = A4C1EDCA1C53083F0034CE04 /* RightClickApp */;
			targetProxy = A4C1EDE01C53083F0034CE04 /* PBXContainerItemProxy */;
		};
		A4C1EDEC1C53083F0034CE04 /* PBXTargetDependency */ = {
			isa = PBXTargetDependency;
			target = A4C1EDCA1C53083F0034CE04 /* RightClickApp */;
			targetProxy = A4C1EDEB1C53083F0034CE04 /* PBXContainerItemProxy */;
		};
/* End PBXTargetDependency section */

/* Begin PBXVariantGroup section */
		A4C1EDD21C53083F0034CE04 /* Main.storyboard */ = {
			isa = PBXVariantGroup;
			children = (
				A4C1EDD31C53083F0034CE04 /* Base */,
			);
			name = Main.storyboard;
			sourceTree = "<group>";
		};
		A4C1EDD71C53083F0034CE04 /* LaunchScreen.storyboard */ = {
			isa = PBXVariantGroup;
			children = (
				A4C1EDD81C53083F0034CE04 /* Base */,
			);
			name = LaunchScreen.storyboard;
			sourceTree = "<group>";
		};
/* End PBXVariantGroup section */

/* Begin XCBuildConfiguration section */
		A4C1EDF11C53083F0034CE04 /* Debug */ = {
			isa = XCBuildConfiguration;
			buildSettings = {
				ALWAYS_SEARCH_USER_PATHS = NO;
				CLANG_CXX_LANGUAGE_STANDARD = "gnu++0x";
				CLANG_CXX_LIBRARY = "libc++";
				CLANG_ENABLE_MODULES = YES;
				CLANG_ENABLE_OBJC_ARC = YES;
				CLANG_WARN_BOOL_CONVERSION = YES;
				CLANG_WARN_CONSTANT_CONVERSION = YES;
				CLANG_WARN_DIRECT_OBJC_ISA_USAGE = YES_ERROR;
				CLANG_WARN_EMPTY_BODY = YES;
				CLANG_WARN_ENUM_CONVERSION = YES;
				CLANG_WARN_INT_CONVERSION = YES;
				CLANG_WARN_OBJC_ROOT_CLASS = YES_ERROR;
				CLANG_WARN_UNREACHABLE_CODE = YES;
				CLANG_WARN__DUPLICATE_METHOD_MATCH = YES;
				"CODE_SIGN_IDENTITY[sdk=iphoneos*]" = "iPhone Developer";
				COPY_PHASE_STRIP = NO;
				DEBUG_INFORMATION_FORMAT = dwarf;
				ENABLE_STRICT_OBJC_MSGSEND = YES;
				ENABLE_TESTABILITY = YES;
				GCC_C_LANGUAGE_STANDARD = gnu99;
				GCC_DYNAMIC_NO_PIC = NO;
				GCC_NO_COMMON_BLOCKS = YES;
				GCC_OPTIMIZATION_LEVEL = 0;
				GCC_PREPROCESSOR_DEFINITIONS = (
					"DEBUG=1",
					"$(inherited)",
				);
				GCC_WARN_64_TO_32_BIT_CONVERSION = YES;
				GCC_WARN_ABOUT_RETURN_TYPE = YES_ERROR;
				GCC_WARN_UNDECLARED_SELECTOR = YES;
				GCC_WARN_UNINITIALIZED_AUTOS = YES_AGGRESSIVE;
				GCC_WARN_UNUSED_FUNCTION = YES;
				GCC_WARN_UNUSED_VARIABLE = YES;
				IPHONEOS_DEPLOYMENT_TARGET = 9.2;
				MTL_ENABLE_DEBUG_INFO = YES;
				ONLY_ACTIVE_ARCH = YES;
				SDKROOT = iphoneos;
				SWIFT_OPTIMIZATION_LEVEL = "-Onone";
				TARGETED_DEVICE_FAMILY = "1,2";
			};
			name = Debug;
		};
		A4C1EDF21C53083F0034CE04 /* Release */ = {
			isa = XCBuildConfiguration;
			buildSettings = {
				ALWAYS_SEARCH_USER_PATHS = NO;
				CLANG_CXX_LANGUAGE_STANDARD = "gnu++0x";
				CLANG_CXX_LIBRARY = "libc++";
				CLANG_ENABLE_MODULES = YES;
				CLANG_ENABLE_OBJC_ARC = YES;
				CLANG_WARN_BOOL_CONVERSION = YES;
				CLANG_WARN_CONSTANT_CONVERSION = YES;
				CLANG_WARN_DIRECT_OBJC_ISA_USAGE = YES_ERROR;
				CLANG_WARN_EMPTY_BODY = YES;
				CLANG_WARN_ENUM_CONVERSION = YES;
				CLANG_WARN_INT_CONVERSION = YES;
				CLANG_WARN_OBJC_ROOT_CLASS = YES_ERROR;
				CLANG_WARN_UNREACHABLE_CODE = YES;
				CLANG_WARN__DUPLICATE_METHOD_MATCH = YES;
				"CODE_SIGN_IDENTITY[sdk=iphoneos*]" = "iPhone Developer";
				COPY_PHASE_STRIP = NO;
				DEBUG_INFORMATION_FORMAT = "dwarf-with-dsym";
				ENABLE_NS_ASSERTIONS = NO;
				ENABLE_STRICT_OBJC_MSGSEND = YES;
				GCC_C_LANGUAGE_STANDARD = gnu99;
				GCC_NO_COMMON_BLOCKS = YES;
				GCC_WARN_64_TO_32_BIT_CONVERSION = YES;
				GCC_WARN_ABOUT_RETURN_TYPE = YES_ERROR;
				GCC_WARN_UNDECLARED_SELECTOR = YES;
				GCC_WARN_UNINITIALIZED_AUTOS = YES_AGGRESSIVE;
				GCC_WARN_UNUSED_FUNCTION = YES;
				GCC_WARN_UNUSED_VARIABLE = YES;
				IPHONEOS_DEPLOYMENT_TARGET = 9.2;
				MTL_ENABLE_DEBUG_INFO = NO;
				SDKROOT = iphoneos;
				TARGETED_DEVICE_FAMILY = "1,2";
				VALIDATE_PRODUCT = YES;
			};
			name = Release;
		};
		A4C1EDF41C53083F0034CE04 /* Debug */ = {
			isa = XCBuildConfiguration;
			baseConfigurationReference = 15E14E2E81C768CC5DAD05B6 /* Pods-RightClickApp.debug.xcconfig */;
			buildSettings = {
				ASSETCATALOG_COMPILER_APPICON_NAME = AppIcon;
				CLANG_ENABLE_MODULES = YES;
				CODE_SIGN_IDENTITY = "iPhone Developer";
				INFOPLIST_FILE = RightClickApp/Info.plist;
				LD_RUNPATH_SEARCH_PATHS = "$(inherited) @executable_path/Frameworks";
				PRODUCT_BUNDLE_IDENTIFIER = au.com.rightclick.RightClickApp;
				PRODUCT_NAME = "$(TARGET_NAME)";
				SWIFT_OBJC_BRIDGING_HEADER = "RightClickApp/RightClickApp-Bridging-Header.h";
				SWIFT_OPTIMIZATION_LEVEL = "-Onone";
			};
			name = Debug;
		};
		A4C1EDF51C53083F0034CE04 /* Release */ = {
			isa = XCBuildConfiguration;
			baseConfigurationReference = F36C89C415D86CF39DE1F707 /* Pods-RightClickApp.release.xcconfig */;
			buildSettings = {
				ASSETCATALOG_COMPILER_APPICON_NAME = AppIcon;
				CLANG_ENABLE_MODULES = YES;
				CODE_SIGN_IDENTITY = "iPhone Developer";
				INFOPLIST_FILE = RightClickApp/Info.plist;
				LD_RUNPATH_SEARCH_PATHS = "$(inherited) @executable_path/Frameworks";
				PRODUCT_BUNDLE_IDENTIFIER = au.com.rightclick.RightClickApp;
				PRODUCT_NAME = "$(TARGET_NAME)";
				SWIFT_OBJC_BRIDGING_HEADER = "RightClickApp/RightClickApp-Bridging-Header.h";
			};
			name = Release;
		};
		A4C1EDF71C53083F0034CE04 /* Debug */ = {
			isa = XCBuildConfiguration;
			buildSettings = {
				BUNDLE_LOADER = "$(TEST_HOST)";
				INFOPLIST_FILE = RightClickAppTests/Info.plist;
				LD_RUNPATH_SEARCH_PATHS = "$(inherited) @executable_path/Frameworks @loader_path/Frameworks";
				PRODUCT_BUNDLE_IDENTIFIER = au.com.rightclick.RightClickAppTests;
				PRODUCT_NAME = "$(TARGET_NAME)";
				TEST_HOST = "$(BUILT_PRODUCTS_DIR)/RightClickApp.app/RightClickApp";
			};
			name = Debug;
		};
		A4C1EDF81C53083F0034CE04 /* Release */ = {
			isa = XCBuildConfiguration;
			buildSettings = {
				BUNDLE_LOADER = "$(TEST_HOST)";
				INFOPLIST_FILE = RightClickAppTests/Info.plist;
				LD_RUNPATH_SEARCH_PATHS = "$(inherited) @executable_path/Frameworks @loader_path/Frameworks";
				PRODUCT_BUNDLE_IDENTIFIER = au.com.rightclick.RightClickAppTests;
				PRODUCT_NAME = "$(TARGET_NAME)";
				TEST_HOST = "$(BUILT_PRODUCTS_DIR)/RightClickApp.app/RightClickApp";
			};
			name = Release;
		};
		A4C1EDFA1C53083F0034CE04 /* Debug */ = {
			isa = XCBuildConfiguration;
			buildSettings = {
				INFOPLIST_FILE = RightClickAppUITests/Info.plist;
				LD_RUNPATH_SEARCH_PATHS = "$(inherited) @executable_path/Frameworks @loader_path/Frameworks";
				PRODUCT_BUNDLE_IDENTIFIER = au.com.rightclick.RightClickAppUITests;
				PRODUCT_NAME = "$(TARGET_NAME)";
				TEST_TARGET_NAME = RightClickApp;
				USES_XCTRUNNER = YES;
			};
			name = Debug;
		};
		A4C1EDFB1C53083F0034CE04 /* Release */ = {
			isa = XCBuildConfiguration;
			buildSettings = {
				INFOPLIST_FILE = RightClickAppUITests/Info.plist;
				LD_RUNPATH_SEARCH_PATHS = "$(inherited) @executable_path/Frameworks @loader_path/Frameworks";
				PRODUCT_BUNDLE_IDENTIFIER = au.com.rightclick.RightClickAppUITests;
				PRODUCT_NAME = "$(TARGET_NAME)";
				TEST_TARGET_NAME = RightClickApp;
				USES_XCTRUNNER = YES;
			};
			name = Release;
		};
/* End XCBuildConfiguration section */

/* Begin XCConfigurationList section */
		A4C1EDC61C53083F0034CE04 /* Build configuration list for PBXProject "RightClickApp" */ = {
			isa = XCConfigurationList;
			buildConfigurations = (
				A4C1EDF11C53083F0034CE04 /* Debug */,
				A4C1EDF21C53083F0034CE04 /* Release */,
			);
			defaultConfigurationIsVisible = 0;
			defaultConfigurationName = Release;
		};
		A4C1EDF31C53083F0034CE04 /* Build configuration list for PBXNativeTarget "RightClickApp" */ = {
			isa = XCConfigurationList;
			buildConfigurations = (
				A4C1EDF41C53083F0034CE04 /* Debug */,
				A4C1EDF51C53083F0034CE04 /* Release */,
			);
			defaultConfigurationIsVisible = 0;
			defaultConfigurationName = Release;
		};
		A4C1EDF61C53083F0034CE04 /* Build configuration list for PBXNativeTarget "RightClickAppTests" */ = {
			isa = XCConfigurationList;
			buildConfigurations = (
				A4C1EDF71C53083F0034CE04 /* Debug */,
				A4C1EDF81C53083F0034CE04 /* Release */,
			);
			defaultConfigurationIsVisible = 0;
			defaultConfigurationName = Release;
		};
		A4C1EDF91C53083F0034CE04 /* Build configuration list for PBXNativeTarget "RightClickAppUITests" */ = {
			isa = XCConfigurationList;
			buildConfigurations = (
				A4C1EDFA1C53083F0034CE04 /* Debug */,
				A4C1EDFB1C53083F0034CE04 /* Release */,
			);
			defaultConfigurationIsVisible = 0;
			defaultConfigurationName = Release;
		};
/* End XCConfigurationList section */
	};
	rootObject = A4C1EDC31C53083F0034CE04 /* Project object */;
}
