// !$*UTF8*$!
{
	archiveVersion = 1;
	classes = {
	};
	objectVersion = 46;
	objects = {

/* Begin PBXBuildFile section */
		211978B61C129B03009CE0A5 /* Note.m in Sources */ = {isa = PBXBuildFile; fileRef = 211978B51C129B03009CE0A5 /* Note.m */; };
		211978B91C129C16009CE0A5 /* Lesson.m in Sources */ = {isa = PBXBuildFile; fileRef = 211978B81C129C16009CE0A5 /* Lesson.m */; };
		211978BC1C129D96009CE0A5 /* DataService.m in Sources */ = {isa = PBXBuildFile; fileRef = 211978BB1C129D96009CE0A5 /* DataService.m */; };
		211978C01C12B52E009CE0A5 /* JLPDFGenerator.m in Sources */ = {isa = PBXBuildFile; fileRef = 211978BF1C12B52E009CE0A5 /* JLPDFGenerator.m */; };
		2135A6621C128BA1004A5890 /* NoteViewController.m in Sources */ = {isa = PBXBuildFile; fileRef = 2135A6611C128BA1004A5890 /* NoteViewController.m */; };
		21A2421E1C12B5CE0009314E /* CoreGraphics.framework in Frameworks */ = {isa = PBXBuildFile; fileRef = 21A2421D1C12B5CE0009314E /* CoreGraphics.framework */; };
		21A242221C12DA910009314E /* AnnotationViewController.m in Sources */ = {isa = PBXBuildFile; fileRef = 21A242211C12DA910009314E /* AnnotationViewController.m */; };
		21A242261C1306960009314E /* fontawesome-webfont.ttf in Resources */ = {isa = PBXBuildFile; fileRef = 21A242251C1306960009314E /* fontawesome-webfont.ttf */; };
		21A425081C127C8A00ED9EFF /* main.m in Sources */ = {isa = PBXBuildFile; fileRef = 21A425071C127C8A00ED9EFF /* main.m */; };
		21A4250B1C127C8A00ED9EFF /* AppDelegate.m in Sources */ = {isa = PBXBuildFile; fileRef = 21A4250A1C127C8A00ED9EFF /* AppDelegate.m */; };
		21A4250E1C127C8A00ED9EFF /* ViewController.m in Sources */ = {isa = PBXBuildFile; fileRef = 21A4250D1C127C8A00ED9EFF /* ViewController.m */; };
		21A425111C127C8A00ED9EFF /* Main.storyboard in Resources */ = {isa = PBXBuildFile; fileRef = 21A4250F1C127C8A00ED9EFF /* Main.storyboard */; };
		21A425131C127C8A00ED9EFF /* Assets.xcassets in Resources */ = {isa = PBXBuildFile; fileRef = 21A425121C127C8A00ED9EFF /* Assets.xcassets */; };
		21A425161C127C8A00ED9EFF /* LaunchScreen.storyboard in Resources */ = {isa = PBXBuildFile; fileRef = 21A425141C127C8A00ED9EFF /* LaunchScreen.storyboard */; };
		21A425211C127C8B00ED9EFF /* Right_ClickTests.m in Sources */ = {isa = PBXBuildFile; fileRef = 21A425201C127C8B00ED9EFF /* Right_ClickTests.m */; };
		21F9CE6F1C13997800107E9D /* NewLessonViewController.m in Sources */ = {isa = PBXBuildFile; fileRef = 21F9CE6E1C13997800107E9D /* NewLessonViewController.m */; };
		53FA619EC63A7D0A6A0FBB04 /* libPods-Right Click.a in Frameworks */ = {isa = PBXBuildFile; fileRef = 078A2D03421F994AE5380BA8 /* libPods-Right Click.a */; };
/* End PBXBuildFile section */

/* Begin PBXContainerItemProxy section */
		21A4251D1C127C8B00ED9EFF /* PBXContainerItemProxy */ = {
			isa = PBXContainerItemProxy;
			containerPortal = 21A424FB1C127C8A00ED9EFF /* Project object */;
			proxyType = 1;
			remoteGlobalIDString = 21A425021C127C8A00ED9EFF;
			remoteInfo = "Right Click";
		};
/* End PBXContainerItemProxy section */

/* Begin PBXFileReference section */
		078A2D03421F994AE5380BA8 /* libPods-Right Click.a */ = {isa = PBXFileReference; explicitFileType = archive.ar; includeInIndex = 0; path = "libPods-Right Click.a"; sourceTree = BUILT_PRODUCTS_DIR; };
		211978B41C129B03009CE0A5 /* Note.h */ = {isa = PBXFileReference; fileEncoding = 4; lastKnownFileType = sourcecode.c.h; path = Note.h; sourceTree = "<group>"; };
		211978B51C129B03009CE0A5 /* Note.m */ = {isa = PBXFileReference; fileEncoding = 4; lastKnownFileType = sourcecode.c.objc; path = Note.m; sourceTree = "<group>"; };
		211978B71C129C16009CE0A5 /* Lesson.h */ = {isa = PBXFileReference; fileEncoding = 4; lastKnownFileType = sourcecode.c.h; path = Lesson.h; sourceTree = "<group>"; };
		211978B81C129C16009CE0A5 /* Lesson.m */ = {isa = PBXFileReference; fileEncoding = 4; lastKnownFileType = sourcecode.c.objc; path = Lesson.m; sourceTree = "<group>"; };
		211978BA1C129D96009CE0A5 /* DataService.h */ = {isa = PBXFileReference; fileEncoding = 4; lastKnownFileType = sourcecode.c.h; path = DataService.h; sourceTree = "<group>"; };
		211978BB1C129D96009CE0A5 /* DataService.m */ = {isa = PBXFileReference; fileEncoding = 4; lastKnownFileType = sourcecode.c.objc; path = DataService.m; sourceTree = "<group>"; };
		211978BE1C12B52E009CE0A5 /* JLPDFGenerator.h */ = {isa = PBXFileReference; fileEncoding = 4; lastKnownFileType = sourcecode.c.h; path = JLPDFGenerator.h; sourceTree = "<group>"; };
		211978BF1C12B52E009CE0A5 /* JLPDFGenerator.m */ = {isa = PBXFileReference; fileEncoding = 4; lastKnownFileType = sourcecode.c.objc; path = JLPDFGenerator.m; sourceTree = "<group>"; };
		2135A6601C128BA1004A5890 /* NoteViewController.h */ = {isa = PBXFileReference; fileEncoding = 4; lastKnownFileType = sourcecode.c.h; path = NoteViewController.h; sourceTree = "<group>"; };
		2135A6611C128BA1004A5890 /* NoteViewController.m */ = {isa = PBXFileReference; fileEncoding = 4; lastKnownFileType = sourcecode.c.objc; path = NoteViewController.m; sourceTree = "<group>"; };
		21A2421D1C12B5CE0009314E /* CoreGraphics.framework */ = {isa = PBXFileReference; lastKnownFileType = wrapper.framework; name = CoreGraphics.framework; path = System/Library/Frameworks/CoreGraphics.framework; sourceTree = SDKROOT; };
		21A2421F1C12C6760009314E /* Config.h */ = {isa = PBXFileReference; lastKnownFileType = sourcecode.c.h; path = Config.h; sourceTree = "<group>"; };
		21A242201C12DA910009314E /* AnnotationViewController.h */ = {isa = PBXFileReference; fileEncoding = 4; lastKnownFileType = sourcecode.c.h; path = AnnotationViewController.h; sourceTree = "<group>"; };
		21A242211C12DA910009314E /* AnnotationViewController.m */ = {isa = PBXFileReference; fileEncoding = 4; lastKnownFileType = sourcecode.c.objc; path = AnnotationViewController.m; sourceTree = "<group>"; };
		21A242251C1306960009314E /* fontawesome-webfont.ttf */ = {isa = PBXFileReference; lastKnownFileType = file; path = "fontawesome-webfont.ttf"; sourceTree = "<group>"; };
		21A425031C127C8A00ED9EFF /* Right Click.app */ = {isa = PBXFileReference; explicitFileType = wrapper.application; includeInIndex = 0; path = "Right Click.app"; sourceTree = BUILT_PRODUCTS_DIR; };
		21A425071C127C8A00ED9EFF /* main.m */ = {isa = PBXFileReference; lastKnownFileType = sourcecode.c.objc; path = main.m; sourceTree = "<group>"; };
		21A425091C127C8A00ED9EFF /* AppDelegate.h */ = {isa = PBXFileReference; lastKnownFileType = sourcecode.c.h; path = AppDelegate.h; sourceTree = "<group>"; };
		21A4250A1C127C8A00ED9EFF /* AppDelegate.m */ = {isa = PBXFileReference; lastKnownFileType = sourcecode.c.objc; path = AppDelegate.m; sourceTree = "<group>"; };
		21A4250C1C127C8A00ED9EFF /* ViewController.h */ = {isa = PBXFileReference; lastKnownFileType = sourcecode.c.h; path = ViewController.h; sourceTree = "<group>"; };
		21A4250D1C127C8A00ED9EFF /* ViewController.m */ = {isa = PBXFileReference; lastKnownFileType = sourcecode.c.objc; path = ViewController.m; sourceTree = "<group>"; };
		21A425101C127C8A00ED9EFF /* Base */ = {isa = PBXFileReference; lastKnownFileType = file.storyboard; name = Base; path = Base.lproj/Main.storyboard; sourceTree = "<group>"; };
		21A425121C127C8A00ED9EFF /* Assets.xcassets */ = {isa = PBXFileReference; lastKnownFileType = folder.assetcatalog; path = Assets.xcassets; sourceTree = "<group>"; };
		21A425151C127C8A00ED9EFF /* Base */ = {isa = PBXFileReference; lastKnownFileType = file.storyboard; name = Base; path = Base.lproj/LaunchScreen.storyboard; sourceTree = "<group>"; };
		21A425171C127C8A00ED9EFF /* Info.plist */ = {isa = PBXFileReference; lastKnownFileType = text.plist.xml; path = Info.plist; sourceTree = "<group>"; };
		21A4251C1C127C8B00ED9EFF /* Right ClickTests.xctest */ = {isa = PBXFileReference; explicitFileType = wrapper.cfbundle; includeInIndex = 0; path = "Right ClickTests.xctest"; sourceTree = BUILT_PRODUCTS_DIR; };
		21A425201C127C8B00ED9EFF /* Right_ClickTests.m */ = {isa = PBXFileReference; lastKnownFileType = sourcecode.c.objc; path = Right_ClickTests.m; sourceTree = "<group>"; };
		21A425221C127C8B00ED9EFF /* Info.plist */ = {isa = PBXFileReference; lastKnownFileType = text.plist.xml; path = Info.plist; sourceTree = "<group>"; };
		21F9CE6D1C13997800107E9D /* NewLessonViewController.h */ = {isa = PBXFileReference; fileEncoding = 4; lastKnownFileType = sourcecode.c.h; path = NewLessonViewController.h; sourceTree = "<group>"; };
		21F9CE6E1C13997800107E9D /* NewLessonViewController.m */ = {isa = PBXFileReference; fileEncoding = 4; lastKnownFileType = sourcecode.c.objc; path = NewLessonViewController.m; sourceTree = "<group>"; };
		B27AEA0C5A6FC14F4B8075B0 /* Pods-Right Click.release.xcconfig */ = {isa = PBXFileReference; includeInIndex = 1; lastKnownFileType = text.xcconfig; name = "Pods-Right Click.release.xcconfig"; path = "Pods/Target Support Files/Pods-Right Click/Pods-Right Click.release.xcconfig"; sourceTree = "<group>"; };
		E30DD50A5509F176240BBE1D /* Pods-Right Click.debug.xcconfig */ = {isa = PBXFileReference; includeInIndex = 1; lastKnownFileType = text.xcconfig; name = "Pods-Right Click.debug.xcconfig"; path = "Pods/Target Support Files/Pods-Right Click/Pods-Right Click.debug.xcconfig"; sourceTree = "<group>"; };
/* End PBXFileReference section */

/* Begin PBXFrameworksBuildPhase section */
		21A425001C127C8A00ED9EFF /* Frameworks */ = {
			isa = PBXFrameworksBuildPhase;
			buildActionMask = 2147483647;
			files = (
				21A2421E1C12B5CE0009314E /* CoreGraphics.framework in Frameworks */,
				53FA619EC63A7D0A6A0FBB04 /* libPods-Right Click.a in Frameworks */,
			);
			runOnlyForDeploymentPostprocessing = 0;
		};
		21A425191C127C8B00ED9EFF /* Frameworks */ = {
			isa = PBXFrameworksBuildPhase;
			buildActionMask = 2147483647;
			files = (
			);
			runOnlyForDeploymentPostprocessing = 0;
		};
/* End PBXFrameworksBuildPhase section */

/* Begin PBXGroup section */
		211978B31C129ADB009CE0A5 /* Models */ = {
			isa = PBXGroup;
			children = (
				211978B41C129B03009CE0A5 /* Note.h */,
				211978B51C129B03009CE0A5 /* Note.m */,
				211978B71C129C16009CE0A5 /* Lesson.h */,
				211978B81C129C16009CE0A5 /* Lesson.m */,
			);
			name = Models;
			sourceTree = "<group>";
		};
		211978BD1C12B51C009CE0A5 /* Services */ = {
			isa = PBXGroup;
			children = (
				211978BE1C12B52E009CE0A5 /* JLPDFGenerator.h */,
				211978BF1C12B52E009CE0A5 /* JLPDFGenerator.m */,
				21A2421F1C12C6760009314E /* Config.h */,
				211978BA1C129D96009CE0A5 /* DataService.h */,
				211978BB1C129D96009CE0A5 /* DataService.m */,
			);
			name = Services;
			sourceTree = "<group>";
		};
		21A424FA1C127C8A00ED9EFF = {
			isa = PBXGroup;
			children = (
				21A425051C127C8A00ED9EFF /* Right Click */,
				21A4251F1C127C8B00ED9EFF /* Right ClickTests */,
				21A425041C127C8A00ED9EFF /* Products */,
				960B3C17F69982B8138E424B /* Pods */,
				713CB63287ABABA191898479 /* Frameworks */,
			);
			sourceTree = "<group>";
		};
		21A425041C127C8A00ED9EFF /* Products */ = {
			isa = PBXGroup;
			children = (
				21A425031C127C8A00ED9EFF /* Right Click.app */,
				21A4251C1C127C8B00ED9EFF /* Right ClickTests.xctest */,
			);
			name = Products;
			sourceTree = "<group>";
		};
		21A425051C127C8A00ED9EFF /* Right Click */ = {
			isa = PBXGroup;
			children = (
				211978BD1C12B51C009CE0A5 /* Services */,
				211978B31C129ADB009CE0A5 /* Models */,
				21A425091C127C8A00ED9EFF /* AppDelegate.h */,
				21A4250A1C127C8A00ED9EFF /* AppDelegate.m */,
				21A4250C1C127C8A00ED9EFF /* ViewController.h */,
				21A4250D1C127C8A00ED9EFF /* ViewController.m */,
				2135A6601C128BA1004A5890 /* NoteViewController.h */,
				2135A6611C128BA1004A5890 /* NoteViewController.m */,
				21A242201C12DA910009314E /* AnnotationViewController.h */,
				21A242211C12DA910009314E /* AnnotationViewController.m */,
				21F9CE6D1C13997800107E9D /* NewLessonViewController.h */,
				21F9CE6E1C13997800107E9D /* NewLessonViewController.m */,
				21A4250F1C127C8A00ED9EFF /* Main.storyboard */,
				21A425121C127C8A00ED9EFF /* Assets.xcassets */,
				21A425141C127C8A00ED9EFF /* LaunchScreen.storyboard */,
				21A242251C1306960009314E /* fontawesome-webfont.ttf */,
				21A425171C127C8A00ED9EFF /* Info.plist */,
				21A425061C127C8A00ED9EFF /* Supporting Files */,
			);
			path = "Right Click";
			sourceTree = "<group>";
		};
		21A425061C127C8A00ED9EFF /* Supporting Files */ = {
			isa = PBXGroup;
			children = (
				21A425071C127C8A00ED9EFF /* main.m */,
			);
			name = "Supporting Files";
			sourceTree = "<group>";
		};
		21A4251F1C127C8B00ED9EFF /* Right ClickTests */ = {
			isa = PBXGroup;
			children = (
				21A425201C127C8B00ED9EFF /* Right_ClickTests.m */,
				21A425221C127C8B00ED9EFF /* Info.plist */,
			);
			path = "Right ClickTests";
			sourceTree = "<group>";
		};
		713CB63287ABABA191898479 /* Frameworks */ = {
			isa = PBXGroup;
			children = (
				21A2421D1C12B5CE0009314E /* CoreGraphics.framework */,
				078A2D03421F994AE5380BA8 /* libPods-Right Click.a */,
			);
			name = Frameworks;
			sourceTree = "<group>";
		};
		960B3C17F69982B8138E424B /* Pods */ = {
			isa = PBXGroup;
			children = (
				E30DD50A5509F176240BBE1D /* Pods-Right Click.debug.xcconfig */,
				B27AEA0C5A6FC14F4B8075B0 /* Pods-Right Click.release.xcconfig */,
			);
			name = Pods;
			sourceTree = "<group>";
		};
/* End PBXGroup section */

/* Begin PBXNativeTarget section */
		21A425021C127C8A00ED9EFF /* Right Click */ = {
			isa = PBXNativeTarget;
			buildConfigurationList = 21A425251C127C8B00ED9EFF /* Build configuration list for PBXNativeTarget "Right Click" */;
			buildPhases = (
				DB83A103D85EFAC7C0DFB8A7 /* Check Pods Manifest.lock */,
				21A424FF1C127C8A00ED9EFF /* Sources */,
				21A425001C127C8A00ED9EFF /* Frameworks */,
				21A425011C127C8A00ED9EFF /* Resources */,
				1A27EFF3D9AE1EEC95FA18EE /* Embed Pods Frameworks */,
				FEB77EACB9FEB61703B3221F /* Copy Pods Resources */,
			);
			buildRules = (
			);
			dependencies = (
			);
			name = "Right Click";
			productName = "Right Click";
			productReference = 21A425031C127C8A00ED9EFF /* Right Click.app */;
			productType = "com.apple.product-type.application";
		};
		21A4251B1C127C8B00ED9EFF /* Right ClickTests */ = {
			isa = PBXNativeTarget;
			buildConfigurationList = 21A425281C127C8B00ED9EFF /* Build configuration list for PBXNativeTarget "Right ClickTests" */;
			buildPhases = (
				21A425181C127C8B00ED9EFF /* Sources */,
				21A425191C127C8B00ED9EFF /* Frameworks */,
				21A4251A1C127C8B00ED9EFF /* Resources */,
			);
			buildRules = (
			);
			dependencies = (
				21A4251E1C127C8B00ED9EFF /* PBXTargetDependency */,
			);
			name = "Right ClickTests";
			productName = "Right ClickTests";
			productReference = 21A4251C1C127C8B00ED9EFF /* Right ClickTests.xctest */;
			productType = "com.apple.product-type.bundle.unit-test";
		};
/* End PBXNativeTarget section */

/* Begin PBXProject section */
		21A424FB1C127C8A00ED9EFF /* Project object */ = {
			isa = PBXProject;
			attributes = {
				LastUpgradeCheck = 0710;
				ORGANIZATIONNAME = Rhok;
				TargetAttributes = {
					21A425021C127C8A00ED9EFF = {
						CreatedOnToolsVersion = 7.1.1;
						DevelopmentTeam = 5AXRG4S9YB;
					};
					21A4251B1C127C8B00ED9EFF = {
						CreatedOnToolsVersion = 7.1.1;
						TestTargetID = 21A425021C127C8A00ED9EFF;
					};
				};
			};
			buildConfigurationList = 21A424FE1C127C8A00ED9EFF /* Build configuration list for PBXProject "Right Click" */;
			compatibilityVersion = "Xcode 3.2";
			developmentRegion = English;
			hasScannedForEncodings = 0;
			knownRegions = (
				en,
				Base,
			);
			mainGroup = 21A424FA1C127C8A00ED9EFF;
			productRefGroup = 21A425041C127C8A00ED9EFF /* Products */;
			projectDirPath = "";
			projectRoot = "";
			targets = (
				21A425021C127C8A00ED9EFF /* Right Click */,
				21A4251B1C127C8B00ED9EFF /* Right ClickTests */,
			);
		};
/* End PBXProject section */

/* Begin PBXResourcesBuildPhase section */
		21A425011C127C8A00ED9EFF /* Resources */ = {
			isa = PBXResourcesBuildPhase;
			buildActionMask = 2147483647;
			files = (
				21A425161C127C8A00ED9EFF /* LaunchScreen.storyboard in Resources */,
				21A242261C1306960009314E /* fontawesome-webfont.ttf in Resources */,
				21A425131C127C8A00ED9EFF /* Assets.xcassets in Resources */,
				21A425111C127C8A00ED9EFF /* Main.storyboard in Resources */,
			);
			runOnlyForDeploymentPostprocessing = 0;
		};
		21A4251A1C127C8B00ED9EFF /* Resources */ = {
			isa = PBXResourcesBuildPhase;
			buildActionMask = 2147483647;
			files = (
			);
			runOnlyForDeploymentPostprocessing = 0;
		};
/* End PBXResourcesBuildPhase section */

/* Begin PBXShellScriptBuildPhase section */
		1A27EFF3D9AE1EEC95FA18EE /* Embed Pods Frameworks */ = {
			isa = PBXShellScriptBuildPhase;
			buildActionMask = 2147483647;
			files = (
			);
			inputPaths = (
			);
			name = "Embed Pods Frameworks";
			outputPaths = (
			);
			runOnlyForDeploymentPostprocessing = 0;
			shellPath = /bin/sh;
			shellScript = "\"${SRCROOT}/Pods/Target Support Files/Pods-Right Click/Pods-Right Click-frameworks.sh\"\n";
			showEnvVarsInLog = 0;
		};
		DB83A103D85EFAC7C0DFB8A7 /* Check Pods Manifest.lock */ = {
			isa = PBXShellScriptBuildPhase;
			buildActionMask = 2147483647;
			files = (
			);
			inputPaths = (
			);
			name = "Check Pods Manifest.lock";
			outputPaths = (
			);
			runOnlyForDeploymentPostprocessing = 0;
			shellPath = /bin/sh;
			shellScript = "diff \"${PODS_ROOT}/../Podfile.lock\" \"${PODS_ROOT}/Manifest.lock\" > /dev/null\nif [[ $? != 0 ]] ; then\n    cat << EOM\nerror: The sandbox is not in sync with the Podfile.lock. Run 'pod install' or update your CocoaPods installation.\nEOM\n    exit 1\nfi\n";
			showEnvVarsInLog = 0;
		};
		FEB77EACB9FEB61703B3221F /* Copy Pods Resources */ = {
			isa = PBXShellScriptBuildPhase;
			buildActionMask = 2147483647;
			files = (
			);
			inputPaths = (
			);
			name = "Copy Pods Resources";
			outputPaths = (
			);
			runOnlyForDeploymentPostprocessing = 0;
			shellPath = /bin/sh;
			shellScript = "\"${SRCROOT}/Pods/Target Support Files/Pods-Right Click/Pods-Right Click-resources.sh\"\n";
			showEnvVarsInLog = 0;
		};
/* End PBXShellScriptBuildPhase section */

/* Begin PBXSourcesBuildPhase section */
		21A424FF1C127C8A00ED9EFF /* Sources */ = {
			isa = PBXSourcesBuildPhase;
			buildActionMask = 2147483647;
			files = (
				211978B61C129B03009CE0A5 /* Note.m in Sources */,
				21F9CE6F1C13997800107E9D /* NewLessonViewController.m in Sources */,
				211978BC1C129D96009CE0A5 /* DataService.m in Sources */,
				211978C01C12B52E009CE0A5 /* JLPDFGenerator.m in Sources */,
				2135A6621C128BA1004A5890 /* NoteViewController.m in Sources */,
				21A4250E1C127C8A00ED9EFF /* ViewController.m in Sources */,
				211978B91C129C16009CE0A5 /* Lesson.m in Sources */,
				21A4250B1C127C8A00ED9EFF /* AppDelegate.m in Sources */,
				21A425081C127C8A00ED9EFF /* main.m in Sources */,
				21A242221C12DA910009314E /* AnnotationViewController.m in Sources */,
			);
			runOnlyForDeploymentPostprocessing = 0;
		};
		21A425181C127C8B00ED9EFF /* Sources */ = {
			isa = PBXSourcesBuildPhase;
			buildActionMask = 2147483647;
			files = (
				21A425211C127C8B00ED9EFF /* Right_ClickTests.m in Sources */,
			);
			runOnlyForDeploymentPostprocessing = 0;
		};
/* End PBXSourcesBuildPhase section */

/* Begin PBXTargetDependency section */
		21A4251E1C127C8B00ED9EFF /* PBXTargetDependency */ = {
			isa = PBXTargetDependency;
			target = 21A425021C127C8A00ED9EFF /* Right Click */;
			targetProxy = 21A4251D1C127C8B00ED9EFF /* PBXContainerItemProxy */;
		};
/* End PBXTargetDependency section */

/* Begin PBXVariantGroup section */
		21A4250F1C127C8A00ED9EFF /* Main.storyboard */ = {
			isa = PBXVariantGroup;
			children = (
				21A425101C127C8A00ED9EFF /* Base */,
			);
			name = Main.storyboard;
			sourceTree = "<group>";
		};
		21A425141C127C8A00ED9EFF /* LaunchScreen.storyboard */ = {
			isa = PBXVariantGroup;
			children = (
				21A425151C127C8A00ED9EFF /* Base */,
			);
			name = LaunchScreen.storyboard;
			sourceTree = "<group>";
		};
/* End PBXVariantGroup section */

/* Begin XCBuildConfiguration section */
		21A425231C127C8B00ED9EFF /* Debug */ = {
			isa = XCBuildConfiguration;
			buildSettings = {
				ALWAYS_SEARCH_USER_PATHS = NO;
				CLANG_CXX_LANGUAGE_STANDARD = "gnu++0x";
				CLANG_CXX_LIBRARY = "libc++";
				CLANG_ENABLE_MODULES = YES;
				CLANG_ENABLE_OBJC_ARC = YES;
				CLANG_WARN_BOOL_CONVERSION = YES;
				CLANG_WARN_CONSTANT_CONVERSION = YES;
				CLANG_WARN_DIRECT_OBJC_ISA_USAGE = YES_ERROR;
				CLANG_WARN_EMPTY_BODY = YES;
				CLANG_WARN_ENUM_CONVERSION = YES;
				CLANG_WARN_INT_CONVERSION = YES;
				CLANG_WARN_OBJC_ROOT_CLASS = YES_ERROR;
				CLANG_WARN_UNREACHABLE_CODE = YES;
				CLANG_WARN__DUPLICATE_METHOD_MATCH = YES;
				"CODE_SIGN_IDENTITY[sdk=iphoneos*]" = "iPhone Developer";
				COPY_PHASE_STRIP = NO;
				DEBUG_INFORMATION_FORMAT = dwarf;
				ENABLE_STRICT_OBJC_MSGSEND = YES;
				ENABLE_TESTABILITY = YES;
				GCC_C_LANGUAGE_STANDARD = gnu99;
				GCC_DYNAMIC_NO_PIC = NO;
				GCC_NO_COMMON_BLOCKS = YES;
				GCC_OPTIMIZATION_LEVEL = 0;
				GCC_PREPROCESSOR_DEFINITIONS = (
					"DEBUG=1",
					"$(inherited)",
				);
				GCC_WARN_64_TO_32_BIT_CONVERSION = YES;
				GCC_WARN_ABOUT_RETURN_TYPE = YES_ERROR;
				GCC_WARN_UNDECLARED_SELECTOR = YES;
				GCC_WARN_UNINITIALIZED_AUTOS = YES_AGGRESSIVE;
				GCC_WARN_UNUSED_FUNCTION = YES;
				GCC_WARN_UNUSED_VARIABLE = YES;
				IPHONEOS_DEPLOYMENT_TARGET = 9.1;
				MTL_ENABLE_DEBUG_INFO = YES;
				ONLY_ACTIVE_ARCH = YES;
				SDKROOT = iphoneos;
				TARGETED_DEVICE_FAMILY = "1,2";
			};
			name = Debug;
		};
		21A425241C127C8B00ED9EFF /* Release */ = {
			isa = XCBuildConfiguration;
			buildSettings = {
				ALWAYS_SEARCH_USER_PATHS = NO;
				CLANG_CXX_LANGUAGE_STANDARD = "gnu++0x";
				CLANG_CXX_LIBRARY = "libc++";
				CLANG_ENABLE_MODULES = YES;
				CLANG_ENABLE_OBJC_ARC = YES;
				CLANG_WARN_BOOL_CONVERSION = YES;
				CLANG_WARN_CONSTANT_CONVERSION = YES;
				CLANG_WARN_DIRECT_OBJC_ISA_USAGE = YES_ERROR;
				CLANG_WARN_EMPTY_BODY = YES;
				CLANG_WARN_ENUM_CONVERSION = YES;
				CLANG_WARN_INT_CONVERSION = YES;
				CLANG_WARN_OBJC_ROOT_CLASS = YES_ERROR;
				CLANG_WARN_UNREACHABLE_CODE = YES;
				CLANG_WARN__DUPLICATE_METHOD_MATCH = YES;
				"CODE_SIGN_IDENTITY[sdk=iphoneos*]" = "iPhone Developer";
				COPY_PHASE_STRIP = NO;
				DEBUG_INFORMATION_FORMAT = "dwarf-with-dsym";
				ENABLE_NS_ASSERTIONS = NO;
				ENABLE_STRICT_OBJC_MSGSEND = YES;
				GCC_C_LANGUAGE_STANDARD = gnu99;
				GCC_NO_COMMON_BLOCKS = YES;
				GCC_WARN_64_TO_32_BIT_CONVERSION = YES;
				GCC_WARN_ABOUT_RETURN_TYPE = YES_ERROR;
				GCC_WARN_UNDECLARED_SELECTOR = YES;
				GCC_WARN_UNINITIALIZED_AUTOS = YES_AGGRESSIVE;
				GCC_WARN_UNUSED_FUNCTION = YES;
				GCC_WARN_UNUSED_VARIABLE = YES;
				IPHONEOS_DEPLOYMENT_TARGET = 9.1;
				MTL_ENABLE_DEBUG_INFO = NO;
				SDKROOT = iphoneos;
				TARGETED_DEVICE_FAMILY = "1,2";
				VALIDATE_PRODUCT = YES;
			};
			name = Release;
		};
		21A425261C127C8B00ED9EFF /* Debug */ = {
			isa = XCBuildConfiguration;
			baseConfigurationReference = E30DD50A5509F176240BBE1D /* Pods-Right Click.debug.xcconfig */;
			buildSettings = {
				ASSETCATALOG_COMPILER_APPICON_NAME = AppIcon;
				CODE_SIGN_IDENTITY = "iPhone Developer";
				INFOPLIST_FILE = "Right Click/Info.plist";
				LD_RUNPATH_SEARCH_PATHS = "$(inherited) @executable_path/Frameworks";
				PRODUCT_BUNDLE_IDENTIFIER = "com.rhok.Right-Click";
				PRODUCT_NAME = "$(TARGET_NAME)";
			};
			name = Debug;
		};
		21A425271C127C8B00ED9EFF /* Release */ = {
			isa = XCBuildConfiguration;
			baseConfigurationReference = B27AEA0C5A6FC14F4B8075B0 /* Pods-Right Click.release.xcconfig */;
			buildSettings = {
				ASSETCATALOG_COMPILER_APPICON_NAME = AppIcon;
				CODE_SIGN_IDENTITY = "iPhone Developer";
				INFOPLIST_FILE = "Right Click/Info.plist";
				LD_RUNPATH_SEARCH_PATHS = "$(inherited) @executable_path/Frameworks";
				PRODUCT_BUNDLE_IDENTIFIER = "com.rhok.Right-Click";
				PRODUCT_NAME = "$(TARGET_NAME)";
			};
			name = Release;
		};
		21A425291C127C8B00ED9EFF /* Debug */ = {
			isa = XCBuildConfiguration;
			buildSettings = {
				BUNDLE_LOADER = "$(TEST_HOST)";
				INFOPLIST_FILE = "Right ClickTests/Info.plist";
				LD_RUNPATH_SEARCH_PATHS = "$(inherited) @executable_path/Frameworks @loader_path/Frameworks";
				PRODUCT_BUNDLE_IDENTIFIER = "com.rhok.Right-ClickTests";
				PRODUCT_NAME = "$(TARGET_NAME)";
				TEST_HOST = "$(BUILT_PRODUCTS_DIR)/Right Click.app/Right Click";
			};
			name = Debug;
		};
		21A4252A1C127C8B00ED9EFF /* Release */ = {
			isa = XCBuildConfiguration;
			buildSettings = {
				BUNDLE_LOADER = "$(TEST_HOST)";
				INFOPLIST_FILE = "Right ClickTests/Info.plist";
				LD_RUNPATH_SEARCH_PATHS = "$(inherited) @executable_path/Frameworks @loader_path/Frameworks";
				PRODUCT_BUNDLE_IDENTIFIER = "com.rhok.Right-ClickTests";
				PRODUCT_NAME = "$(TARGET_NAME)";
				TEST_HOST = "$(BUILT_PRODUCTS_DIR)/Right Click.app/Right Click";
			};
			name = Release;
		};
/* End XCBuildConfiguration section */

/* Begin XCConfigurationList section */
		21A424FE1C127C8A00ED9EFF /* Build configuration list for PBXProject "Right Click" */ = {
			isa = XCConfigurationList;
			buildConfigurations = (
				21A425231C127C8B00ED9EFF /* Debug */,
				21A425241C127C8B00ED9EFF /* Release */,
			);
			defaultConfigurationIsVisible = 0;
			defaultConfigurationName = Release;
		};
		21A425251C127C8B00ED9EFF /* Build configuration list for PBXNativeTarget "Right Click" */ = {
			isa = XCConfigurationList;
			buildConfigurations = (
				21A425261C127C8B00ED9EFF /* Debug */,
				21A425271C127C8B00ED9EFF /* Release */,
			);
			defaultConfigurationIsVisible = 0;
			defaultConfigurationName = Release;
		};
		21A425281C127C8B00ED9EFF /* Build configuration list for PBXNativeTarget "Right ClickTests" */ = {
			isa = XCConfigurationList;
			buildConfigurations = (
				21A425291C127C8B00ED9EFF /* Debug */,
				21A4252A1C127C8B00ED9EFF /* Release */,
			);
			defaultConfigurationIsVisible = 0;
			defaultConfigurationName = Release;
		};
/* End XCConfigurationList section */
	};
	rootObject = 21A424FB1C127C8A00ED9EFF /* Project object */;
}
